
Microsoft Visual Studio Solution File, Format Version 12.00
# Visual Studio Version 17
VisualStudioVersion = 17.4.33213.308
MinimumVisualStudioVersion = 10.0.40219.1
Project("{FAE04EC0-301F-11D3-BF4B-00C04F79EFBC}") = "WindowsFormsApp-Zar Atma Oyunu", "WindowsFormsApp-Zar Atma Oyunu\WindowsFormsApp-Zar Atma Oyunu.csproj", "{22E2EA70-5C94-45BF-9784-6E69F072F413}"
EndProject
Global
	GlobalSection(SolutionConfigurationPlatforms) = preSolution
		Debug|Any CPU = Debug|Any CPU
		Release|Any CPU = Release|Any CPU
	EndGlobalSection
	GlobalSection(ProjectConfigurationPlatforms) = postSolution
		{22E2EA70-5C94-45BF-9784-6E69F072F413}.Debug|Any CPU.ActiveCfg = Debug|Any CPU
		{22E2EA70-5C94-45BF-9784-6E69F072F413}.Debug|Any CPU.Build.0 = Debug|Any CPU
		{22E2EA70-5C94-45BF-9784-6E69F072F413}.Release|Any CPU.ActiveCfg = Release|Any CPU
		{22E2EA70-5C94-45BF-9784-6E69F072F413}.Release|Any CPU.Build.0 = Release|Any CPU
	EndGlobalSection
	GlobalSection(SolutionProperties) = preSolution
		HideSolutionNode = FALSE
	EndGlobalSection
	GlobalSection(ExtensibilityGlobals) = postSolution
		SolutionGuid = {C92D8CB7-88B4-4E0C-AFF4-FE06F49BC971}
	EndGlobalSection
EndGlobal
